
Microsoft Visual Studio Solution File, Format Version 12.00
# Visual Studio 15
VisualStudioVersion = 15.0.27703.2000
MinimumVisualStudioVersion = 10.0.40219.1
Project("{FAE04EC0-301F-11D3-BF4B-00C04F79EFBC}") = "EntityFramework_exercise", "EntityFramework_exercise\EntityFramework_exercise.csproj", "{BDD56E01-D956-4488-87E8-E1351AD45AFF}"
EndProject
Global
	GlobalSection(SolutionConfigurationPlatforms) = preSolution
		Debug|Any CPU = Debug|Any CPU
		Release|Any CPU = Release|Any CPU
	EndGlobalSection
	GlobalSection(ProjectConfigurationPlatforms) = postSolution
		{BDD56E01-D956-4488-87E8-E1351AD45AFF}.Debug|Any CPU.ActiveCfg = Debug|Any CPU
		{BDD56E01-D956-4488-87E8-E1351AD45AFF}.Debug|Any CPU.Build.0 = Debug|Any CPU
		{BDD56E01-D956-4488-87E8-E1351AD45AFF}.Release|Any CPU.ActiveCfg = Release|Any CPU
		{BDD56E01-D956-4488-87E8-E1351AD45AFF}.Release|Any CPU.Build.0 = Release|Any CPU
	EndGlobalSection
	GlobalSection(SolutionProperties) = preSolution
		HideSolutionNode = FALSE
	EndGlobalSection
	GlobalSection(ExtensibilityGlobals) = postSolution
		SolutionGuid = {51BC57D6-886E-407A-9E36-16FB0C92DE33}
	EndGlobalSection
EndGlobal
