
Microsoft Visual Studio Solution File, Format Version 12.00
# Visual Studio 15
VisualStudioVersion = 15.0.27703.2000
MinimumVisualStudioVersion = 10.0.40219.1
Project("{FAE04EC0-301F-11D3-BF4B-00C04F79EFBC}") = "StudentManagementSystem", "StudentManagementSystem\StudentManagementSystem.csproj", "{31EE974E-FAAE-4375-BF51-5821D44515FB}"
EndProject
Global
	GlobalSection(SolutionConfigurationPlatforms) = preSolution
		Debug|Any CPU = Debug|Any CPU
		Release|Any CPU = Release|Any CPU
	EndGlobalSection
	GlobalSection(ProjectConfigurationPlatforms) = postSolution
		{31EE974E-FAAE-4375-BF51-5821D44515FB}.Debug|Any CPU.ActiveCfg = Debug|Any CPU
		{31EE974E-FAAE-4375-BF51-5821D44515FB}.Debug|Any CPU.Build.0 = Debug|Any CPU
		{31EE974E-FAAE-4375-BF51-5821D44515FB}.Release|Any CPU.ActiveCfg = Release|Any CPU
		{31EE974E-FAAE-4375-BF51-5821D44515FB}.Release|Any CPU.Build.0 = Release|Any CPU
	EndGlobalSection
	GlobalSection(SolutionProperties) = preSolution
		HideSolutionNode = FALSE
	EndGlobalSection
	GlobalSection(ExtensibilityGlobals) = postSolution
		SolutionGuid = {AEAC9D09-D0E1-489E-AE8D-8B8F8F5C22FC}
	EndGlobalSection
EndGlobal
